// !$*UTF8*$!
{
	archiveVersion = 1;
	classes = {
	};
	objectVersion = 55;
	objects = {

/* Begin PBXBuildFile section */
		813AE02427F4622000BC104A /* AppDelegate.swift in Sources */ = {isa = PBXBuildFile; fileRef = 813AE02327F4622000BC104A /* AppDelegate.swift */; };
		813AE02627F4622000BC104A /* SceneDelegate.swift in Sources */ = {isa = PBXBuildFile; fileRef = 813AE02527F4622000BC104A /* SceneDelegate.swift */; };
		813AE02827F4622000BC104A /* LoginViewController.swift in Sources */ = {isa = PBXBuildFile; fileRef = 813AE02727F4622000BC104A /* LoginViewController.swift */; };
		813AE02B27F4622000BC104A /* Main.storyboard in Resources */ = {isa = PBXBuildFile; fileRef = 813AE02927F4622000BC104A /* Main.storyboard */; };
		813AE02D27F4622100BC104A /* Assets.xcassets in Resources */ = {isa = PBXBuildFile; fileRef = 813AE02C27F4622100BC104A /* Assets.xcassets */; };
		813AE03027F4622100BC104A /* LaunchScreen.storyboard in Resources */ = {isa = PBXBuildFile; fileRef = 813AE02E27F4622100BC104A /* LaunchScreen.storyboard */; };
		813AE04127F46AB200BC104A /* LoginViewModel.swift in Sources */ = {isa = PBXBuildFile; fileRef = 813AE04027F46AB200BC104A /* LoginViewModel.swift */; };
		813AE04427F46AEA00BC104A /* BaseViewModel.swift in Sources */ = {isa = PBXBuildFile; fileRef = 813AE04327F46AEA00BC104A /* BaseViewModel.swift */; };
		813AE04627F46B1100BC104A /* BaseViewController.swift in Sources */ = {isa = PBXBuildFile; fileRef = 813AE04527F46B1100BC104A /* BaseViewController.swift */; };
/* End PBXBuildFile section */

/* Begin PBXFileReference section */
		813AE02027F4622000BC104A /* UnitTestApp.app */ = {isa = PBXFileReference; explicitFileType = wrapper.application; includeInIndex = 0; path = UnitTestApp.app; sourceTree = BUILT_PRODUCTS_DIR; };
		813AE02327F4622000BC104A /* AppDelegate.swift */ = {isa = PBXFileReference; lastKnownFileType = sourcecode.swift; path = AppDelegate.swift; sourceTree = "<group>"; };
		813AE02527F4622000BC104A /* SceneDelegate.swift */ = {isa = PBXFileReference; lastKnownFileType = sourcecode.swift; path = SceneDelegate.swift; sourceTree = "<group>"; };
		813AE02727F4622000BC104A /* LoginViewController.swift */ = {isa = PBXFileReference; lastKnownFileType = sourcecode.swift; path = LoginViewController.swift; sourceTree = "<group>"; };
		813AE02A27F4622000BC104A /* Base */ = {isa = PBXFileReference; lastKnownFileType = file.storyboard; name = Base; path = Base.lproj/Main.storyboard; sourceTree = "<group>"; };
		813AE02C27F4622100BC104A /* Assets.xcassets */ = {isa = PBXFileReference; lastKnownFileType = folder.assetcatalog; path = Assets.xcassets; sourceTree = "<group>"; };
		813AE02F27F4622100BC104A /* Base */ = {isa = PBXFileReference; lastKnownFileType = file.storyboard; name = Base; path = Base.lproj/LaunchScreen.storyboard; sourceTree = "<group>"; };
		813AE03127F4622100BC104A /* Info.plist */ = {isa = PBXFileReference; lastKnownFileType = text.plist.xml; path = Info.plist; sourceTree = "<group>"; };
		813AE04027F46AB200BC104A /* LoginViewModel.swift */ = {isa = PBXFileReference; lastKnownFileType = sourcecode.swift; path = LoginViewModel.swift; sourceTree = "<group>"; };
		813AE04327F46AEA00BC104A /* BaseViewModel.swift */ = {isa = PBXFileReference; lastKnownFileType = sourcecode.swift; path = BaseViewModel.swift; sourceTree = "<group>"; };
		813AE04527F46B1100BC104A /* BaseViewController.swift */ = {isa = PBXFileReference; lastKnownFileType = sourcecode.swift; path = BaseViewController.swift; sourceTree = "<group>"; };
/* End PBXFileReference section */

/* Begin PBXFrameworksBuildPhase section */
		813AE01D27F4622000BC104A /* Frameworks */ = {
			isa = PBXFrameworksBuildPhase;
			buildActionMask = 2147483647;
			files = (
			);
			runOnlyForDeploymentPostprocessing = 0;
		};
/* End PBXFrameworksBuildPhase section */

/* Begin PBXGroup section */
		813AE01727F4622000BC104A = {
			isa = PBXGroup;
			children = (
				813AE02227F4622000BC104A /* UnitTestApp */,
				813AE02127F4622000BC104A /* Products */,
			);
			sourceTree = "<group>";
		};
		813AE02127F4622000BC104A /* Products */ = {
			isa = PBXGroup;
			children = (
				813AE02027F4622000BC104A /* UnitTestApp.app */,
			);
			name = Products;
			sourceTree = "<group>";
		};
		813AE02227F4622000BC104A /* UnitTestApp */ = {
			isa = PBXGroup;
			children = (
				813AE03727F4690200BC104A /* Scenes */,
				813AE03827F469D400BC104A /* UI */,
				813AE03C27F46A0F00BC104A /* Database */,
				813AE03B27F46A0400BC104A /* Network */,
				813AE03A27F469FE00BC104A /* Model */,
				813AE03927F469E400BC104A /* Helper */,
				813AE02C27F4622100BC104A /* Assets.xcassets */,
				813AE03127F4622100BC104A /* Info.plist */,
			);
			path = UnitTestApp;
			sourceTree = "<group>";
		};
		813AE03727F4690200BC104A /* Scenes */ = {
			isa = PBXGroup;
			children = (
				813AE03F27F46A9400BC104A /* Login */,
			);
			path = Scenes;
			sourceTree = "<group>";
		};
		813AE03827F469D400BC104A /* UI */ = {
			isa = PBXGroup;
			children = (
				813AE03E27F46A4000BC104A /* Storyboards */,
				813AE03D27F46A2500BC104A /* Views */,
			);
			path = UI;
			sourceTree = "<group>";
		};
		813AE03927F469E400BC104A /* Helper */ = {
			isa = PBXGroup;
			children = (
				813AE04227F46AD400BC104A /* Base Classes */,
				813AE02327F4622000BC104A /* AppDelegate.swift */,
				813AE02527F4622000BC104A /* SceneDelegate.swift */,
			);
			path = Helper;
			sourceTree = "<group>";
		};
		813AE03A27F469FE00BC104A /* Model */ = {
			isa = PBXGroup;
			children = (
			);
			path = Model;
			sourceTree = "<group>";
		};
		813AE03B27F46A0400BC104A /* Network */ = {
			isa = PBXGroup;
			children = (
			);
			path = Network;
			sourceTree = "<group>";
		};
		813AE03C27F46A0F00BC104A /* Database */ = {
			isa = PBXGroup;
			children = (
			);
			path = Database;
			sourceTree = "<group>";
		};
		813AE03D27F46A2500BC104A /* Views */ = {
			isa = PBXGroup;
			children = (
			);
			path = Views;
			sourceTree = "<group>";
		};
		813AE03E27F46A4000BC104A /* Storyboards */ = {
			isa = PBXGroup;
			children = (
				813AE02927F4622000BC104A /* Main.storyboard */,
				813AE02E27F4622100BC104A /* LaunchScreen.storyboard */,
			);
			path = Storyboards;
			sourceTree = "<group>";
		};
		813AE03F27F46A9400BC104A /* Login */ = {
			isa = PBXGroup;
			children = (
				813AE02727F4622000BC104A /* LoginViewController.swift */,
				813AE04027F46AB200BC104A /* LoginViewModel.swift */,
			);
			path = Login;
			sourceTree = "<group>";
		};
		813AE04227F46AD400BC104A /* Base Classes */ = {
			isa = PBXGroup;
			children = (
				813AE04327F46AEA00BC104A /* BaseViewModel.swift */,
				813AE04527F46B1100BC104A /* BaseViewController.swift */,
			);
			path = "Base Classes";
			sourceTree = "<group>";
		};
/* End PBXGroup section */

/* Begin PBXNativeTarget section */
		813AE01F27F4622000BC104A /* UnitTestApp */ = {
			isa = PBXNativeTarget;
			buildConfigurationList = 813AE03427F4622100BC104A /* Build configuration list for PBXNativeTarget "UnitTestApp" */;
			buildPhases = (
				813AE01C27F4622000BC104A /* Sources */,
				813AE01D27F4622000BC104A /* Frameworks */,
				813AE01E27F4622000BC104A /* Resources */,
			);
			buildRules = (
			);
			dependencies = (
			);
			name = UnitTestApp;
			productName = UnitTestApp;
			productReference = 813AE02027F4622000BC104A /* UnitTestApp.app */;
			productType = "com.apple.product-type.application";
		};
/* End PBXNativeTarget section */

/* Begin PBXProject section */
		813AE01827F4622000BC104A /* Project object */ = {
			isa = PBXProject;
			attributes = {
				BuildIndependentTargetsInParallel = 1;
				LastSwiftUpdateCheck = 1330;
				LastUpgradeCheck = 1330;
				TargetAttributes = {
					813AE01F27F4622000BC104A = {
						CreatedOnToolsVersion = 13.3;
					};
				};
			};
			buildConfigurationList = 813AE01B27F4622000BC104A /* Build configuration list for PBXProject "UnitTestApp" */;
			compatibilityVersion = "Xcode 13.0";
			developmentRegion = en;
			hasScannedForEncodings = 0;
			knownRegions = (
				en,
				Base,
			);
			mainGroup = 813AE01727F4622000BC104A;
			productRefGroup = 813AE02127F4622000BC104A /* Products */;
			projectDirPath = "";
			projectRoot = "";
			targets = (
				813AE01F27F4622000BC104A /* UnitTestApp */,
			);
		};
/* End PBXProject section */

/* Begin PBXResourcesBuildPhase section */
		813AE01E27F4622000BC104A /* Resources */ = {
			isa = PBXResourcesBuildPhase;
			buildActionMask = 2147483647;
			files = (
				813AE03027F4622100BC104A /* LaunchScreen.storyboard in Resources */,
				813AE02D27F4622100BC104A /* Assets.xcassets in Resources */,
				813AE02B27F4622000BC104A /* Main.storyboard in Resources */,
			);
			runOnlyForDeploymentPostprocessing = 0;
		};
/* End PBXResourcesBuildPhase section */

/* Begin PBXSourcesBuildPhase section */
		813AE01C27F4622000BC104A /* Sources */ = {
			isa = PBXSourcesBuildPhase;
			buildActionMask = 2147483647;
			files = (
				813AE04127F46AB200BC104A /* LoginViewModel.swift in Sources */,
				813AE04427F46AEA00BC104A /* BaseViewModel.swift in Sources */,
				813AE02827F4622000BC104A /* LoginViewController.swift in Sources */,
				813AE02427F4622000BC104A /* AppDelegate.swift in Sources */,
				813AE02627F4622000BC104A /* SceneDelegate.swift in Sources */,
				813AE04627F46B1100BC104A /* BaseViewController.swift in Sources */,
			);
			runOnlyForDeploymentPostprocessing = 0;
		};
/* End PBXSourcesBuildPhase section */

/* Begin PBXVariantGroup section */
		813AE02927F4622000BC104A /* Main.storyboard */ = {
			isa = PBXVariantGroup;
			children = (
				813AE02A27F4622000BC104A /* Base */,
			);
			name = Main.storyboard;
			sourceTree = "<group>";
		};
		813AE02E27F4622100BC104A /* LaunchScreen.storyboard */ = {
			isa = PBXVariantGroup;
			children = (
				813AE02F27F4622100BC104A /* Base */,
			);
			name = LaunchScreen.storyboard;
			sourceTree = "<group>";
		};
/* End PBXVariantGroup section */

/* Begin XCBuildConfiguration section */
		813AE03227F4622100BC104A /* Debug */ = {
			isa = XCBuildConfiguration;
			buildSettings = {
				ALWAYS_SEARCH_USER_PATHS = NO;
				CLANG_ANALYZER_NONNULL = YES;
				CLANG_ANALYZER_NUMBER_OBJECT_CONVERSION = YES_AGGRESSIVE;
				CLANG_CXX_LANGUAGE_STANDARD = "gnu++17";
				CLANG_ENABLE_MODULES = YES;
				CLANG_ENABLE_OBJC_ARC = YES;
				CLANG_ENABLE_OBJC_WEAK = YES;
				CLANG_WARN_BLOCK_CAPTURE_AUTORELEASING = YES;
				CLANG_WARN_BOOL_CONVERSION = YES;
				CLANG_WARN_COMMA = YES;
				CLANG_WARN_CONSTANT_CONVERSION = YES;
				CLANG_WARN_DEPRECATED_OBJC_IMPLEMENTATIONS = YES;
				CLANG_WARN_DIRECT_OBJC_ISA_USAGE = YES_ERROR;
				CLANG_WARN_DOCUMENTATION_COMMENTS = YES;
				CLANG_WARN_EMPTY_BODY = YES;
				CLANG_WARN_ENUM_CONVERSION = YES;
				CLANG_WARN_INFINITE_RECURSION = YES;
				CLANG_WARN_INT_CONVERSION = YES;
				CLANG_WARN_NON_LITERAL_NULL_CONVERSION = YES;
				CLANG_WARN_OBJC_IMPLICIT_RETAIN_SELF = YES;
				CLANG_WARN_OBJC_LITERAL_CONVERSION = YES;
				CLANG_WARN_OBJC_ROOT_CLASS = YES_ERROR;
				CLANG_WARN_QUOTED_INCLUDE_IN_FRAMEWORK_HEADER = YES;
				CLANG_WARN_RANGE_LOOP_ANALYSIS = YES;
				CLANG_WARN_STRICT_PROTOTYPES = YES;
				CLANG_WARN_SUSPICIOUS_MOVE = YES;
				CLANG_WARN_UNGUARDED_AVAILABILITY = YES_AGGRESSIVE;
				CLANG_WARN_UNREACHABLE_CODE = YES;
				CLANG_WARN__DUPLICATE_METHOD_MATCH = YES;
				COPY_PHASE_STRIP = NO;
				DEBUG_INFORMATION_FORMAT = dwarf;
				ENABLE_STRICT_OBJC_MSGSEND = YES;
				ENABLE_TESTABILITY = YES;
				GCC_C_LANGUAGE_STANDARD = gnu11;
				GCC_DYNAMIC_NO_PIC = NO;
				GCC_NO_COMMON_BLOCKS = YES;
				GCC_OPTIMIZATION_LEVEL = 0;
				GCC_PREPROCESSOR_DEFINITIONS = (
					"DEBUG=1",
					"$(inherited)",
				);
				GCC_WARN_64_TO_32_BIT_CONVERSION = YES;
				GCC_WARN_ABOUT_RETURN_TYPE = YES_ERROR;
				GCC_WARN_UNDECLARED_SELECTOR = YES;
				GCC_WARN_UNINITIALIZED_AUTOS = YES_AGGRESSIVE;
				GCC_WARN_UNUSED_FUNCTION = YES;
				GCC_WARN_UNUSED_VARIABLE = YES;
				IPHONEOS_DEPLOYMENT_TARGET = 15.4;
				MTL_ENABLE_DEBUG_INFO = INCLUDE_SOURCE;
				MTL_FAST_MATH = YES;
				ONLY_ACTIVE_ARCH = YES;
				SDKROOT = iphoneos;
				SWIFT_ACTIVE_COMPILATION_CONDITIONS = DEBUG;
				SWIFT_OPTIMIZATION_LEVEL = "-Onone";
			};
			name = Debug;
		};
		813AE03327F4622100BC104A /* Release */ = {
			isa = XCBuildConfiguration;
			buildSettings = {
				ALWAYS_SEARCH_USER_PATHS = NO;
				CLANG_ANALYZER_NONNULL = YES;
				CLANG_ANALYZER_NUMBER_OBJECT_CONVERSION = YES_AGGRESSIVE;
				CLANG_CXX_LANGUAGE_STANDARD = "gnu++17";
				CLANG_ENABLE_MODULES = YES;
				CLANG_ENABLE_OBJC_ARC = YES;
				CLANG_ENABLE_OBJC_WEAK = YES;
				CLANG_WARN_BLOCK_CAPTURE_AUTORELEASING = YES;
				CLANG_WARN_BOOL_CONVERSION = YES;
				CLANG_WARN_COMMA = YES;
				CLANG_WARN_CONSTANT_CONVERSION = YES;
				CLANG_WARN_DEPRECATED_OBJC_IMPLEMENTATIONS = YES;
				CLANG_WARN_DIRECT_OBJC_ISA_USAGE = YES_ERROR;
				CLANG_WARN_DOCUMENTATION_COMMENTS = YES;
				CLANG_WARN_EMPTY_BODY = YES;
				CLANG_WARN_ENUM_CONVERSION = YES;
				CLANG_WARN_INFINITE_RECURSION = YES;
				CLANG_WARN_INT_CONVERSION = YES;
				CLANG_WARN_NON_LITERAL_NULL_CONVERSION = YES;
				CLANG_WARN_OBJC_IMPLICIT_RETAIN_SELF = YES;
				CLANG_WARN_OBJC_LITERAL_CONVERSION = YES;
				CLANG_WARN_OBJC_ROOT_CLASS = YES_ERROR;
				CLANG_WARN_QUOTED_INCLUDE_IN_FRAMEWORK_HEADER = YES;
				CLANG_WARN_RANGE_LOOP_ANALYSIS = YES;
				CLANG_WARN_STRICT_PROTOTYPES = YES;
				CLANG_WARN_SUSPICIOUS_MOVE = YES;
				CLANG_WARN_UNGUARDED_AVAILABILITY = YES_AGGRESSIVE;
				CLANG_WARN_UNREACHABLE_CODE = YES;
				CLANG_WARN__DUPLICATE_METHOD_MATCH = YES;
				COPY_PHASE_STRIP = NO;
				DEBUG_INFORMATION_FORMAT = "dwarf-with-dsym";
				ENABLE_NS_ASSERTIONS = NO;
				ENABLE_STRICT_OBJC_MSGSEND = YES;
				GCC_C_LANGUAGE_STANDARD = gnu11;
				GCC_NO_COMMON_BLOCKS = YES;
				GCC_WARN_64_TO_32_BIT_CONVERSION = YES;
				GCC_WARN_ABOUT_RETURN_TYPE = YES_ERROR;
				GCC_WARN_UNDECLARED_SELECTOR = YES;
				GCC_WARN_UNINITIALIZED_AUTOS = YES_AGGRESSIVE;
				GCC_WARN_UNUSED_FUNCTION = YES;
				GCC_WARN_UNUSED_VARIABLE = YES;
				IPHONEOS_DEPLOYMENT_TARGET = 15.4;
				MTL_ENABLE_DEBUG_INFO = NO;
				MTL_FAST_MATH = YES;
				SDKROOT = iphoneos;
				SWIFT_COMPILATION_MODE = wholemodule;
				SWIFT_OPTIMIZATION_LEVEL = "-O";
				VALIDATE_PRODUCT = YES;
			};
			name = Release;
		};
		813AE03527F4622100BC104A /* Debug */ = {
			isa = XCBuildConfiguration;
			buildSettings = {
				ASSETCATALOG_COMPILER_APPICON_NAME = AppIcon;
				ASSETCATALOG_COMPILER_GLOBAL_ACCENT_COLOR_NAME = AccentColor;
				CODE_SIGN_STYLE = Automatic;
				CURRENT_PROJECT_VERSION = 1;
				DEVELOPMENT_TEAM = 5DM59C3H88;
				GENERATE_INFOPLIST_FILE = YES;
				INFOPLIST_FILE = UnitTestApp/Info.plist;
				INFOPLIST_KEY_UIApplicationSupportsIndirectInputEvents = YES;
				INFOPLIST_KEY_UILaunchStoryboardName = LaunchScreen;
				INFOPLIST_KEY_UIMainStoryboardFile = Main;
				INFOPLIST_KEY_UISupportedInterfaceOrientations_iPad = "UIInterfaceOrientationPortrait UIInterfaceOrientationPortraitUpsideDown UIInterfaceOrientationLandscapeLeft UIInterfaceOrientationLandscapeRight";
				INFOPLIST_KEY_UISupportedInterfaceOrientations_iPhone = "UIInterfaceOrientationPortrait UIInterfaceOrientationLandscapeLeft UIInterfaceOrientationLandscapeRight";
				LD_RUNPATH_SEARCH_PATHS = (
					"$(inherited)",
					"@executable_path/Frameworks",
				);
				MARKETING_VERSION = 1.0;
				PRODUCT_BUNDLE_IDENTIFIER = com.hamzakhalid.UnitTestApp;
				PRODUCT_NAME = "$(TARGET_NAME)";
				SWIFT_EMIT_LOC_STRINGS = YES;
				SWIFT_VERSION = 5.0;
				TARGETED_DEVICE_FAMILY = "1,2";
			};
			name = Debug;
		};
		813AE03627F4622100BC104A /* Release */ = {
			isa = XCBuildConfiguration;
			buildSettings = {
				ASSETCATALOG_COMPILER_APPICON_NAME = AppIcon;
				ASSETCATALOG_COMPILER_GLOBAL_ACCENT_COLOR_NAME = AccentColor;
				CODE_SIGN_STYLE = Automatic;
				CURRENT_PROJECT_VERSION = 1;
				DEVELOPMENT_TEAM = 5DM59C3H88;
				GENERATE_INFOPLIST_FILE = YES;
				INFOPLIST_FILE = UnitTestApp/Info.plist;
				INFOPLIST_KEY_UIApplicationSupportsIndirectInputEvents = YES;
				INFOPLIST_KEY_UILaunchStoryboardName = LaunchScreen;
				INFOPLIST_KEY_UIMainStoryboardFile = Main;
				INFOPLIST_KEY_UISupportedInterfaceOrientations_iPad = "UIInterfaceOrientationPortrait UIInterfaceOrientationPortraitUpsideDown UIInterfaceOrientationLandscapeLeft UIInterfaceOrientationLandscapeRight";
				INFOPLIST_KEY_UISupportedInterfaceOrientations_iPhone = "UIInterfaceOrientationPortrait UIInterfaceOrientationLandscapeLeft UIInterfaceOrientationLandscapeRight";
				LD_RUNPATH_SEARCH_PATHS = (
					"$(inherited)",
					"@executable_path/Frameworks",
				);
				MARKETING_VERSION = 1.0;
				PRODUCT_BUNDLE_IDENTIFIER = com.hamzakhalid.UnitTestApp;
				PRODUCT_NAME = "$(TARGET_NAME)";
				SWIFT_EMIT_LOC_STRINGS = YES;
				SWIFT_VERSION = 5.0;
				TARGETED_DEVICE_FAMILY = "1,2";
			};
			name = Release;
		};
/* End XCBuildConfiguration section */

/* Begin XCConfigurationList section */
		813AE01B27F4622000BC104A /* Build configuration list for PBXProject "UnitTestApp" */ = {
			isa = XCConfigurationList;
			buildConfigurations = (
				813AE03227F4622100BC104A /* Debug */,
				813AE03327F4622100BC104A /* Release */,
			);
			defaultConfigurationIsVisible = 0;
			defaultConfigurationName = Release;
		};
		813AE03427F4622100BC104A /* Build configuration list for PBXNativeTarget "UnitTestApp" */ = {
			isa = XCConfigurationList;
			buildConfigurations = (
				813AE03527F4622100BC104A /* Debug */,
				813AE03627F4622100BC104A /* Release */,
			);
			defaultConfigurationIsVisible = 0;
			defaultConfigurationName = Release;
		};
/* End XCConfigurationList section */
	};
	rootObject = 813AE01827F4622000BC104A /* Project object */;
}
